// !$*UTF8*$!
{
	archiveVersion = 1;
	classes = {
	};
	objectVersion = 56;
	objects = {

/* Begin PBXBuildFile section */
		A3CFEE182A9F1EE100B5AE59 /* AppDelegate.swift in Sources */ = {isa = PBXBuildFile; fileRef = A3CFEE172A9F1EE100B5AE59 /* AppDelegate.swift */; };
		A3CFEE1A2A9F1EE100B5AE59 /* SceneDelegate.swift in Sources */ = {isa = PBXBuildFile; fileRef = A3CFEE192A9F1EE100B5AE59 /* SceneDelegate.swift */; };
		A3CFEE1C2A9F1EE100B5AE59 /* ViewController.swift in Sources */ = {isa = PBXBuildFile; fileRef = A3CFEE1B2A9F1EE100B5AE59 /* ViewController.swift */; };
		A3CFEE1F2A9F1EE100B5AE59 /* Main.storyboard in Resources */ = {isa = PBXBuildFile; fileRef = A3CFEE1D2A9F1EE100B5AE59 /* Main.storyboard */; };
		A3CFEE212A9F1EE300B5AE59 /* Assets.xcassets in Resources */ = {isa = PBXBuildFile; fileRef = A3CFEE202A9F1EE300B5AE59 /* Assets.xcassets */; };
		A3CFEE242A9F1EE300B5AE59 /* LaunchScreen.storyboard in Resources */ = {isa = PBXBuildFile; fileRef = A3CFEE222A9F1EE300B5AE59 /* LaunchScreen.storyboard */; };
		A3CFEE2F2A9F1EE300B5AE59 /* WeatherTests.swift in Sources */ = {isa = PBXBuildFile; fileRef = A3CFEE2E2A9F1EE300B5AE59 /* WeatherTests.swift */; };
		A3CFEE392A9F1EE300B5AE59 /* WeatherUITests.swift in Sources */ = {isa = PBXBuildFile; fileRef = A3CFEE382A9F1EE300B5AE59 /* WeatherUITests.swift */; };
		A3CFEE3B2A9F1EE300B5AE59 /* WeatherUITestsLaunchTests.swift in Sources */ = {isa = PBXBuildFile; fileRef = A3CFEE3A2A9F1EE300B5AE59 /* WeatherUITestsLaunchTests.swift */; };
		C0DBD3188BBF628264333E6D /* Pods_Weather.framework in Frameworks */ = {isa = PBXBuildFile; fileRef = 28F46F8A10E123EDF83C31E5 /* Pods_Weather.framework */; };
		C521DABCDFE548ED7D7B5A3C /* Pods_Weather_WeatherUITests.framework in Frameworks */ = {isa = PBXBuildFile; fileRef = A49E43F4313E535D18CDE0C1 /* Pods_Weather_WeatherUITests.framework */; };
		E2D591DBA6716907E2A6B6DA /* Pods_WeatherTests.framework in Frameworks */ = {isa = PBXBuildFile; fileRef = 16CAEB5C4DFC43C80E87A330 /* Pods_WeatherTests.framework */; };
/* End PBXBuildFile section */

/* Begin PBXContainerItemProxy section */
		A3CFEE2B2A9F1EE300B5AE59 /* PBXContainerItemProxy */ = {
			isa = PBXContainerItemProxy;
			containerPortal = A3CFEE0C2A9F1EE100B5AE59 /* Project object */;
			proxyType = 1;
			remoteGlobalIDString = A3CFEE132A9F1EE100B5AE59;
			remoteInfo = Weather;
		};
		A3CFEE352A9F1EE300B5AE59 /* PBXContainerItemProxy */ = {
			isa = PBXContainerItemProxy;
			containerPortal = A3CFEE0C2A9F1EE100B5AE59 /* Project object */;
			proxyType = 1;
			remoteGlobalIDString = A3CFEE132A9F1EE100B5AE59;
			remoteInfo = Weather;
		};
/* End PBXContainerItemProxy section */

/* Begin PBXFileReference section */
		0F36263505D49D37AF2CAF19 /* Pods-Weather.debug.xcconfig */ = {isa = PBXFileReference; includeInIndex = 1; lastKnownFileType = text.xcconfig; name = "Pods-Weather.debug.xcconfig"; path = "Target Support Files/Pods-Weather/Pods-Weather.debug.xcconfig"; sourceTree = "<group>"; };
		11C096035E3DBAFE19AFD88F /* Pods-WeatherTests.debug.xcconfig */ = {isa = PBXFileReference; includeInIndex = 1; lastKnownFileType = text.xcconfig; name = "Pods-WeatherTests.debug.xcconfig"; path = "Target Support Files/Pods-WeatherTests/Pods-WeatherTests.debug.xcconfig"; sourceTree = "<group>"; };
		16CAEB5C4DFC43C80E87A330 /* Pods_WeatherTests.framework */ = {isa = PBXFileReference; explicitFileType = wrapper.framework; includeInIndex = 0; path = Pods_WeatherTests.framework; sourceTree = BUILT_PRODUCTS_DIR; };
		28F46F8A10E123EDF83C31E5 /* Pods_Weather.framework */ = {isa = PBXFileReference; explicitFileType = wrapper.framework; includeInIndex = 0; path = Pods_Weather.framework; sourceTree = BUILT_PRODUCTS_DIR; };
		70B2E297FE1FB97E55607752 /* Pods-Weather.release.xcconfig */ = {isa = PBXFileReference; includeInIndex = 1; lastKnownFileType = text.xcconfig; name = "Pods-Weather.release.xcconfig"; path = "Target Support Files/Pods-Weather/Pods-Weather.release.xcconfig"; sourceTree = "<group>"; };
		86A7AC85E6FFC2BC31F597FB /* Pods-Weather-WeatherUITests.release.xcconfig */ = {isa = PBXFileReference; includeInIndex = 1; lastKnownFileType = text.xcconfig; name = "Pods-Weather-WeatherUITests.release.xcconfig"; path = "Target Support Files/Pods-Weather-WeatherUITests/Pods-Weather-WeatherUITests.release.xcconfig"; sourceTree = "<group>"; };
		8F686428078985E62FA09984 /* Pods-WeatherTests.release.xcconfig */ = {isa = PBXFileReference; includeInIndex = 1; lastKnownFileType = text.xcconfig; name = "Pods-WeatherTests.release.xcconfig"; path = "Target Support Files/Pods-WeatherTests/Pods-WeatherTests.release.xcconfig"; sourceTree = "<group>"; };
		A3CFEE142A9F1EE100B5AE59 /* Weather.app */ = {isa = PBXFileReference; explicitFileType = wrapper.application; includeInIndex = 0; path = Weather.app; sourceTree = BUILT_PRODUCTS_DIR; };
		A3CFEE172A9F1EE100B5AE59 /* AppDelegate.swift */ = {isa = PBXFileReference; lastKnownFileType = sourcecode.swift; path = AppDelegate.swift; sourceTree = "<group>"; };
		A3CFEE192A9F1EE100B5AE59 /* SceneDelegate.swift */ = {isa = PBXFileReference; lastKnownFileType = sourcecode.swift; path = SceneDelegate.swift; sourceTree = "<group>"; };
		A3CFEE1B2A9F1EE100B5AE59 /* ViewController.swift */ = {isa = PBXFileReference; lastKnownFileType = sourcecode.swift; path = ViewController.swift; sourceTree = "<group>"; };
		A3CFEE1E2A9F1EE100B5AE59 /* Base */ = {isa = PBXFileReference; lastKnownFileType = file.storyboard; name = Base; path = Base.lproj/Main.storyboard; sourceTree = "<group>"; };
		A3CFEE202A9F1EE300B5AE59 /* Assets.xcassets */ = {isa = PBXFileReference; lastKnownFileType = folder.assetcatalog; path = Assets.xcassets; sourceTree = "<group>"; };
		A3CFEE232A9F1EE300B5AE59 /* Base */ = {isa = PBXFileReference; lastKnownFileType = file.storyboard; name = Base; path = Base.lproj/LaunchScreen.storyboard; sourceTree = "<group>"; };
		A3CFEE252A9F1EE300B5AE59 /* Info.plist */ = {isa = PBXFileReference; lastKnownFileType = text.plist.xml; path = Info.plist; sourceTree = "<group>"; };
		A3CFEE2A2A9F1EE300B5AE59 /* WeatherTests.xctest */ = {isa = PBXFileReference; explicitFileType = wrapper.cfbundle; includeInIndex = 0; path = WeatherTests.xctest; sourceTree = BUILT_PRODUCTS_DIR; };
		A3CFEE2E2A9F1EE300B5AE59 /* WeatherTests.swift */ = {isa = PBXFileReference; lastKnownFileType = sourcecode.swift; path = WeatherTests.swift; sourceTree = "<group>"; };
		A3CFEE342A9F1EE300B5AE59 /* WeatherUITests.xctest */ = {isa = PBXFileReference; explicitFileType = wrapper.cfbundle; includeInIndex = 0; path = WeatherUITests.xctest; sourceTree = BUILT_PRODUCTS_DIR; };
		A3CFEE382A9F1EE300B5AE59 /* WeatherUITests.swift */ = {isa = PBXFileReference; lastKnownFileType = sourcecode.swift; path = WeatherUITests.swift; sourceTree = "<group>"; };
		A3CFEE3A2A9F1EE300B5AE59 /* WeatherUITestsLaunchTests.swift */ = {isa = PBXFileReference; lastKnownFileType = sourcecode.swift; path = WeatherUITestsLaunchTests.swift; sourceTree = "<group>"; };
		A49E43F4313E535D18CDE0C1 /* Pods_Weather_WeatherUITests.framework */ = {isa = PBXFileReference; explicitFileType = wrapper.framework; includeInIndex = 0; path = Pods_Weather_WeatherUITests.framework; sourceTree = BUILT_PRODUCTS_DIR; };
		AF3608E4A2C498436436A5EB /* Pods-Weather-WeatherUITests.debug.xcconfig */ = {isa = PBXFileReference; includeInIndex = 1; lastKnownFileType = text.xcconfig; name = "Pods-Weather-WeatherUITests.debug.xcconfig"; path = "Target Support Files/Pods-Weather-WeatherUITests/Pods-Weather-WeatherUITests.debug.xcconfig"; sourceTree = "<group>"; };
/* End PBXFileReference section */

/* Begin PBXFrameworksBuildPhase section */
		A3CFEE112A9F1EE100B5AE59 /* Frameworks */ = {
			isa = PBXFrameworksBuildPhase;
			buildActionMask = 2147483647;
			files = (
				C0DBD3188BBF628264333E6D /* Pods_Weather.framework in Frameworks */,
			);
			runOnlyForDeploymentPostprocessing = 0;
		};
		A3CFEE272A9F1EE300B5AE59 /* Frameworks */ = {
			isa = PBXFrameworksBuildPhase;
			buildActionMask = 2147483647;
			files = (
				E2D591DBA6716907E2A6B6DA /* Pods_WeatherTests.framework in Frameworks */,
			);
			runOnlyForDeploymentPostprocessing = 0;
		};
		A3CFEE312A9F1EE300B5AE59 /* Frameworks */ = {
			isa = PBXFrameworksBuildPhase;
			buildActionMask = 2147483647;
			files = (
				C521DABCDFE548ED7D7B5A3C /* Pods_Weather_WeatherUITests.framework in Frameworks */,
			);
			runOnlyForDeploymentPostprocessing = 0;
		};
/* End PBXFrameworksBuildPhase section */

/* Begin PBXGroup section */
		709DC79BDD1A538390AE4873 /* Pods */ = {
			isa = PBXGroup;
			children = (
				0F36263505D49D37AF2CAF19 /* Pods-Weather.debug.xcconfig */,
				70B2E297FE1FB97E55607752 /* Pods-Weather.release.xcconfig */,
				AF3608E4A2C498436436A5EB /* Pods-Weather-WeatherUITests.debug.xcconfig */,
				86A7AC85E6FFC2BC31F597FB /* Pods-Weather-WeatherUITests.release.xcconfig */,
				11C096035E3DBAFE19AFD88F /* Pods-WeatherTests.debug.xcconfig */,
				8F686428078985E62FA09984 /* Pods-WeatherTests.release.xcconfig */,
			);
			path = Pods;
			sourceTree = "<group>";
		};
		A3CFEE0B2A9F1EE100B5AE59 = {
			isa = PBXGroup;
			children = (
				A3CFEE162A9F1EE100B5AE59 /* Weather */,
				A3CFEE2D2A9F1EE300B5AE59 /* WeatherTests */,
				A3CFEE372A9F1EE300B5AE59 /* WeatherUITests */,
				A3CFEE152A9F1EE100B5AE59 /* Products */,
				709DC79BDD1A538390AE4873 /* Pods */,
				F814C43922F2EE86CD4C0E32 /* Frameworks */,
			);
			sourceTree = "<group>";
		};
		A3CFEE152A9F1EE100B5AE59 /* Products */ = {
			isa = PBXGroup;
			children = (
				A3CFEE142A9F1EE100B5AE59 /* Weather.app */,
				A3CFEE2A2A9F1EE300B5AE59 /* WeatherTests.xctest */,
				A3CFEE342A9F1EE300B5AE59 /* WeatherUITests.xctest */,
			);
			name = Products;
			sourceTree = "<group>";
		};
		A3CFEE162A9F1EE100B5AE59 /* Weather */ = {
			isa = PBXGroup;
			children = (
				A3CFEE172A9F1EE100B5AE59 /* AppDelegate.swift */,
				A3CFEE192A9F1EE100B5AE59 /* SceneDelegate.swift */,
				A3CFEE1B2A9F1EE100B5AE59 /* ViewController.swift */,
				A3CFEE1D2A9F1EE100B5AE59 /* Main.storyboard */,
				A3CFEE202A9F1EE300B5AE59 /* Assets.xcassets */,
				A3CFEE222A9F1EE300B5AE59 /* LaunchScreen.storyboard */,
				A3CFEE252A9F1EE300B5AE59 /* Info.plist */,
			);
			path = Weather;
			sourceTree = "<group>";
		};
		A3CFEE2D2A9F1EE300B5AE59 /* WeatherTests */ = {
			isa = PBXGroup;
			children = (
				A3CFEE2E2A9F1EE300B5AE59 /* WeatherTests.swift */,
			);
			path = WeatherTests;
			sourceTree = "<group>";
		};
		A3CFEE372A9F1EE300B5AE59 /* WeatherUITests */ = {
			isa = PBXGroup;
			children = (
				A3CFEE382A9F1EE300B5AE59 /* WeatherUITests.swift */,
				A3CFEE3A2A9F1EE300B5AE59 /* WeatherUITestsLaunchTests.swift */,
			);
			path = WeatherUITests;
			sourceTree = "<group>";
		};
		F814C43922F2EE86CD4C0E32 /* Frameworks */ = {
			isa = PBXGroup;
			children = (
				28F46F8A10E123EDF83C31E5 /* Pods_Weather.framework */,
				A49E43F4313E535D18CDE0C1 /* Pods_Weather_WeatherUITests.framework */,
				16CAEB5C4DFC43C80E87A330 /* Pods_WeatherTests.framework */,
			);
			name = Frameworks;
			sourceTree = "<group>";
		};
/* End PBXGroup section */

/* Begin PBXNativeTarget section */
		A3CFEE132A9F1EE100B5AE59 /* Weather */ = {
			isa = PBXNativeTarget;
			buildConfigurationList = A3CFEE3E2A9F1EE300B5AE59 /* Build configuration list for PBXNativeTarget "Weather" */;
			buildPhases = (
				C3B590DC1DBE62988293C9F5 /* [CP] Check Pods Manifest.lock */,
				A3CFEE102A9F1EE100B5AE59 /* Sources */,
				A3CFEE112A9F1EE100B5AE59 /* Frameworks */,
				A3CFEE122A9F1EE100B5AE59 /* Resources */,
				3C70E8249E17421D55BC3DA1 /* [CP] Embed Pods Frameworks */,
			);
			buildRules = (
			);
			dependencies = (
			);
			name = Weather;
			productName = Weather;
			productReference = A3CFEE142A9F1EE100B5AE59 /* Weather.app */;
			productType = "com.apple.product-type.application";
		};
		A3CFEE292A9F1EE300B5AE59 /* WeatherTests */ = {
			isa = PBXNativeTarget;
			buildConfigurationList = A3CFEE412A9F1EE300B5AE59 /* Build configuration list for PBXNativeTarget "WeatherTests" */;
			buildPhases = (
				1E4ABFB0D85928E17A200E40 /* [CP] Check Pods Manifest.lock */,
				A3CFEE262A9F1EE300B5AE59 /* Sources */,
				A3CFEE272A9F1EE300B5AE59 /* Frameworks */,
				A3CFEE282A9F1EE300B5AE59 /* Resources */,
			);
			buildRules = (
			);
			dependencies = (
				A3CFEE2C2A9F1EE300B5AE59 /* PBXTargetDependency */,
			);
			name = WeatherTests;
			productName = WeatherTests;
			productReference = A3CFEE2A2A9F1EE300B5AE59 /* WeatherTests.xctest */;
			productType = "com.apple.product-type.bundle.unit-test";
		};
		A3CFEE332A9F1EE300B5AE59 /* WeatherUITests */ = {
			isa = PBXNativeTarget;
			buildConfigurationList = A3CFEE442A9F1EE300B5AE59 /* Build configuration list for PBXNativeTarget "WeatherUITests" */;
			buildPhases = (
				BB7654B1A615D4BB1F33B115 /* [CP] Check Pods Manifest.lock */,
				A3CFEE302A9F1EE300B5AE59 /* Sources */,
				A3CFEE312A9F1EE300B5AE59 /* Frameworks */,
				A3CFEE322A9F1EE300B5AE59 /* Resources */,
				9CAEC4703743AE598129F241 /* [CP] Embed Pods Frameworks */,
			);
			buildRules = (
			);
			dependencies = (
				A3CFEE362A9F1EE300B5AE59 /* PBXTargetDependency */,
			);
			name = WeatherUITests;
			productName = WeatherUITests;
			productReference = A3CFEE342A9F1EE300B5AE59 /* WeatherUITests.xctest */;
			productType = "com.apple.product-type.bundle.ui-testing";
		};
/* End PBXNativeTarget section */

/* Begin PBXProject section */
		A3CFEE0C2A9F1EE100B5AE59 /* Project object */ = {
			isa = PBXProject;
			attributes = {
				BuildIndependentTargetsInParallel = 1;
				LastSwiftUpdateCheck = 1430;
				LastUpgradeCheck = 1430;
				TargetAttributes = {
					A3CFEE132A9F1EE100B5AE59 = {
						CreatedOnToolsVersion = 14.3.1;
					};
					A3CFEE292A9F1EE300B5AE59 = {
						CreatedOnToolsVersion = 14.3.1;
						TestTargetID = A3CFEE132A9F1EE100B5AE59;
					};
					A3CFEE332A9F1EE300B5AE59 = {
						CreatedOnToolsVersion = 14.3.1;
						TestTargetID = A3CFEE132A9F1EE100B5AE59;
					};
				};
			};
			buildConfigurationList = A3CFEE0F2A9F1EE100B5AE59 /* Build configuration list for PBXProject "Weather" */;
			compatibilityVersion = "Xcode 14.0";
			developmentRegion = en;
			hasScannedForEncodings = 0;
			knownRegions = (
				en,
				Base,
			);
			mainGroup = A3CFEE0B2A9F1EE100B5AE59;
			productRefGroup = A3CFEE152A9F1EE100B5AE59 /* Products */;
			projectDirPath = "";
			projectRoot = "";
			targets = (
				A3CFEE132A9F1EE100B5AE59 /* Weather */,
				A3CFEE292A9F1EE300B5AE59 /* WeatherTests */,
				A3CFEE332A9F1EE300B5AE59 /* WeatherUITests */,
			);
		};
/* End PBXProject section */

/* Begin PBXResourcesBuildPhase section */
		A3CFEE122A9F1EE100B5AE59 /* Resources */ = {
			isa = PBXResourcesBuildPhase;
			buildActionMask = 2147483647;
			files = (
				A3CFEE242A9F1EE300B5AE59 /* LaunchScreen.storyboard in Resources */,
				A3CFEE212A9F1EE300B5AE59 /* Assets.xcassets in Resources */,
				A3CFEE1F2A9F1EE100B5AE59 /* Main.storyboard in Resources */,
			);
			runOnlyForDeploymentPostprocessing = 0;
		};
		A3CFEE282A9F1EE300B5AE59 /* Resources */ = {
			isa = PBXResourcesBuildPhase;
			buildActionMask = 2147483647;
			files = (
			);
			runOnlyForDeploymentPostprocessing = 0;
		};
		A3CFEE322A9F1EE300B5AE59 /* Resources */ = {
			isa = PBXResourcesBuildPhase;
			buildActionMask = 2147483647;
			files = (
			);
			runOnlyForDeploymentPostprocessing = 0;
		};
/* End PBXResourcesBuildPhase section */

/* Begin PBXShellScriptBuildPhase section */
		1E4ABFB0D85928E17A200E40 /* [CP] Check Pods Manifest.lock */ = {
			isa = PBXShellScriptBuildPhase;
			buildActionMask = 2147483647;
			files = (
			);
			inputFileListPaths = (
			);
			inputPaths = (
				"${PODS_PODFILE_DIR_PATH}/Podfile.lock",
				"${PODS_ROOT}/Manifest.lock",
			);
			name = "[CP] Check Pods Manifest.lock";
			outputFileListPaths = (
			);
			outputPaths = (
				"$(DERIVED_FILE_DIR)/Pods-WeatherTests-checkManifestLockResult.txt",
			);
			runOnlyForDeploymentPostprocessing = 0;
			shellPath = /bin/sh;
			shellScript = "diff \"${PODS_PODFILE_DIR_PATH}/Podfile.lock\" \"${PODS_ROOT}/Manifest.lock\" > /dev/null\nif [ $? != 0 ] ; then\n    # print error to STDERR\n    echo \"error: The sandbox is not in sync with the Podfile.lock. Run 'pod install' or update your CocoaPods installation.\" >&2\n    exit 1\nfi\n# This output is used by Xcode 'outputs' to avoid re-running this script phase.\necho \"SUCCESS\" > \"${SCRIPT_OUTPUT_FILE_0}\"\n";
			showEnvVarsInLog = 0;
		};
		3C70E8249E17421D55BC3DA1 /* [CP] Embed Pods Frameworks */ = {
			isa = PBXShellScriptBuildPhase;
			buildActionMask = 2147483647;
			files = (
			);
			inputFileListPaths = (
				"${PODS_ROOT}/Target Support Files/Pods-Weather/Pods-Weather-frameworks-${CONFIGURATION}-input-files.xcfilelist",
			);
			name = "[CP] Embed Pods Frameworks";
			outputFileListPaths = (
				"${PODS_ROOT}/Target Support Files/Pods-Weather/Pods-Weather-frameworks-${CONFIGURATION}-output-files.xcfilelist",
			);
			runOnlyForDeploymentPostprocessing = 0;
			shellPath = /bin/sh;
			shellScript = "\"${PODS_ROOT}/Target Support Files/Pods-Weather/Pods-Weather-frameworks.sh\"\n";
			showEnvVarsInLog = 0;
		};
		9CAEC4703743AE598129F241 /* [CP] Embed Pods Frameworks */ = {
			isa = PBXShellScriptBuildPhase;
			buildActionMask = 2147483647;
			files = (
			);
			inputFileListPaths = (
				"${PODS_ROOT}/Target Support Files/Pods-Weather-WeatherUITests/Pods-Weather-WeatherUITests-frameworks-${CONFIGURATION}-input-files.xcfilelist",
			);
			name = "[CP] Embed Pods Frameworks";
			outputFileListPaths = (
				"${PODS_ROOT}/Target Support Files/Pods-Weather-WeatherUITests/Pods-Weather-WeatherUITests-frameworks-${CONFIGURATION}-output-files.xcfilelist",
			);
			runOnlyForDeploymentPostprocessing = 0;
			shellPath = /bin/sh;
			shellScript = "\"${PODS_ROOT}/Target Support Files/Pods-Weather-WeatherUITests/Pods-Weather-WeatherUITests-frameworks.sh\"\n";
			showEnvVarsInLog = 0;
		};
		BB7654B1A615D4BB1F33B115 /* [CP] Check Pods Manifest.lock */ = {
			isa = PBXShellScriptBuildPhase;
			buildActionMask = 2147483647;
			files = (
			);
			inputFileListPaths = (
			);
			inputPaths = (
				"${PODS_PODFILE_DIR_PATH}/Podfile.lock",
				"${PODS_ROOT}/Manifest.lock",
			);
			name = "[CP] Check Pods Manifest.lock";
			outputFileListPaths = (
			);
			outputPaths = (
				"$(DERIVED_FILE_DIR)/Pods-Weather-WeatherUITests-checkManifestLockResult.txt",
			);
			runOnlyForDeploymentPostprocessing = 0;
			shellPath = /bin/sh;
			shellScript = "diff \"${PODS_PODFILE_DIR_PATH}/Podfile.lock\" \"${PODS_ROOT}/Manifest.lock\" > /dev/null\nif [ $? != 0 ] ; then\n    # print error to STDERR\n    echo \"error: The sandbox is not in sync with the Podfile.lock. Run 'pod install' or update your CocoaPods installation.\" >&2\n    exit 1\nfi\n# This output is used by Xcode 'outputs' to avoid re-running this script phase.\necho \"SUCCESS\" > \"${SCRIPT_OUTPUT_FILE_0}\"\n";
			showEnvVarsInLog = 0;
		};
		C3B590DC1DBE62988293C9F5 /* [CP] Check Pods Manifest.lock */ = {
			isa = PBXShellScriptBuildPhase;
			buildActionMask = 2147483647;
			files = (
			);
			inputFileListPaths = (
			);
			inputPaths = (
				"${PODS_PODFILE_DIR_PATH}/Podfile.lock",
				"${PODS_ROOT}/Manifest.lock",
			);
			name = "[CP] Check Pods Manifest.lock";
			outputFileListPaths = (
			);
			outputPaths = (
				"$(DERIVED_FILE_DIR)/Pods-Weather-checkManifestLockResult.txt",
			);
			runOnlyForDeploymentPostprocessing = 0;
			shellPath = /bin/sh;
			shellScript = "diff \"${PODS_PODFILE_DIR_PATH}/Podfile.lock\" \"${PODS_ROOT}/Manifest.lock\" > /dev/null\nif [ $? != 0 ] ; then\n    # print error to STDERR\n    echo \"error: The sandbox is not in sync with the Podfile.lock. Run 'pod install' or update your CocoaPods installation.\" >&2\n    exit 1\nfi\n# This output is used by Xcode 'outputs' to avoid re-running this script phase.\necho \"SUCCESS\" > \"${SCRIPT_OUTPUT_FILE_0}\"\n";
			showEnvVarsInLog = 0;
		};
/* End PBXShellScriptBuildPhase section */

/* Begin PBXSourcesBuildPhase section */
		A3CFEE102A9F1EE100B5AE59 /* Sources */ = {
			isa = PBXSourcesBuildPhase;
			buildActionMask = 2147483647;
			files = (
				A3CFEE1C2A9F1EE100B5AE59 /* ViewController.swift in Sources */,
				A3CFEE182A9F1EE100B5AE59 /* AppDelegate.swift in Sources */,
				A3CFEE1A2A9F1EE100B5AE59 /* SceneDelegate.swift in Sources */,
			);
			runOnlyForDeploymentPostprocessing = 0;
		};
		A3CFEE262A9F1EE300B5AE59 /* Sources */ = {
			isa = PBXSourcesBuildPhase;
			buildActionMask = 2147483647;
			files = (
				A3CFEE2F2A9F1EE300B5AE59 /* WeatherTests.swift in Sources */,
			);
			runOnlyForDeploymentPostprocessing = 0;
		};
		A3CFEE302A9F1EE300B5AE59 /* Sources */ = {
			isa = PBXSourcesBuildPhase;
			buildActionMask = 2147483647;
			files = (
				A3CFEE392A9F1EE300B5AE59 /* WeatherUITests.swift in Sources */,
				A3CFEE3B2A9F1EE300B5AE59 /* WeatherUITestsLaunchTests.swift in Sources */,
			);
			runOnlyForDeploymentPostprocessing = 0;
		};
/* End PBXSourcesBuildPhase section */

/* Begin PBXTargetDependency section */
		A3CFEE2C2A9F1EE300B5AE59 /* PBXTargetDependency */ = {
			isa = PBXTargetDependency;
			target = A3CFEE132A9F1EE100B5AE59 /* Weather */;
			targetProxy = A3CFEE2B2A9F1EE300B5AE59 /* PBXContainerItemProxy */;
		};
		A3CFEE362A9F1EE300B5AE59 /* PBXTargetDependency */ = {
			isa = PBXTargetDependency;
			target = A3CFEE132A9F1EE100B5AE59 /* Weather */;
			targetProxy = A3CFEE352A9F1EE300B5AE59 /* PBXContainerItemProxy */;
		};
/* End PBXTargetDependency section */

/* Begin PBXVariantGroup section */
		A3CFEE1D2A9F1EE100B5AE59 /* Main.storyboard */ = {
			isa = PBXVariantGroup;
			children = (
				A3CFEE1E2A9F1EE100B5AE59 /* Base */,
			);
			name = Main.storyboard;
			sourceTree = "<group>";
		};
		A3CFEE222A9F1EE300B5AE59 /* LaunchScreen.storyboard */ = {
			isa = PBXVariantGroup;
			children = (
				A3CFEE232A9F1EE300B5AE59 /* Base */,
			);
			name = LaunchScreen.storyboard;
			sourceTree = "<group>";
		};
/* End PBXVariantGroup section */

/* Begin XCBuildConfiguration section */
		A3CFEE3C2A9F1EE300B5AE59 /* Debug */ = {
			isa = XCBuildConfiguration;
			buildSettings = {
				ALWAYS_SEARCH_USER_PATHS = NO;
				CLANG_ANALYZER_NONNULL = YES;
				CLANG_ANALYZER_NUMBER_OBJECT_CONVERSION = YES_AGGRESSIVE;
				CLANG_CXX_LANGUAGE_STANDARD = "gnu++20";
				CLANG_ENABLE_MODULES = YES;
				CLANG_ENABLE_OBJC_ARC = YES;
				CLANG_ENABLE_OBJC_WEAK = YES;
				CLANG_WARN_BLOCK_CAPTURE_AUTORELEASING = YES;
				CLANG_WARN_BOOL_CONVERSION = YES;
				CLANG_WARN_COMMA = YES;
				CLANG_WARN_CONSTANT_CONVERSION = YES;
				CLANG_WARN_DEPRECATED_OBJC_IMPLEMENTATIONS = YES;
				CLANG_WARN_DIRECT_OBJC_ISA_USAGE = YES_ERROR;
				CLANG_WARN_DOCUMENTATION_COMMENTS = YES;
				CLANG_WARN_EMPTY_BODY = YES;
				CLANG_WARN_ENUM_CONVERSION = YES;
				CLANG_WARN_INFINITE_RECURSION = YES;
				CLANG_WARN_INT_CONVERSION = YES;
				CLANG_WARN_NON_LITERAL_NULL_CONVERSION = YES;
				CLANG_WARN_OBJC_IMPLICIT_RETAIN_SELF = YES;
				CLANG_WARN_OBJC_LITERAL_CONVERSION = YES;
				CLANG_WARN_OBJC_ROOT_CLASS = YES_ERROR;
				CLANG_WARN_QUOTED_INCLUDE_IN_FRAMEWORK_HEADER = YES;
				CLANG_WARN_RANGE_LOOP_ANALYSIS = YES;
				CLANG_WARN_STRICT_PROTOTYPES = YES;
				CLANG_WARN_SUSPICIOUS_MOVE = YES;
				CLANG_WARN_UNGUARDED_AVAILABILITY = YES_AGGRESSIVE;
				CLANG_WARN_UNREACHABLE_CODE = YES;
				CLANG_WARN__DUPLICATE_METHOD_MATCH = YES;
				COPY_PHASE_STRIP = NO;
				DEBUG_INFORMATION_FORMAT = dwarf;
				ENABLE_STRICT_OBJC_MSGSEND = YES;
				ENABLE_TESTABILITY = YES;
				GCC_C_LANGUAGE_STANDARD = gnu11;
				GCC_DYNAMIC_NO_PIC = NO;
				GCC_NO_COMMON_BLOCKS = YES;
				GCC_OPTIMIZATION_LEVEL = 0;
				GCC_PREPROCESSOR_DEFINITIONS = (
					"DEBUG=1",
					"$(inherited)",
				);
				GCC_WARN_64_TO_32_BIT_CONVERSION = YES;
				GCC_WARN_ABOUT_RETURN_TYPE = YES_ERROR;
				GCC_WARN_UNDECLARED_SELECTOR = YES;
				GCC_WARN_UNINITIALIZED_AUTOS = YES_AGGRESSIVE;
				GCC_WARN_UNUSED_FUNCTION = YES;
				GCC_WARN_UNUSED_VARIABLE = YES;
				IPHONEOS_DEPLOYMENT_TARGET = 16.4;
				MTL_ENABLE_DEBUG_INFO = INCLUDE_SOURCE;
				MTL_FAST_MATH = YES;
				ONLY_ACTIVE_ARCH = YES;
				SDKROOT = iphoneos;
				SWIFT_ACTIVE_COMPILATION_CONDITIONS = DEBUG;
				SWIFT_OPTIMIZATION_LEVEL = "-Onone";
			};
			name = Debug;
		};
		A3CFEE3D2A9F1EE300B5AE59 /* Release */ = {
			isa = XCBuildConfiguration;
			buildSettings = {
				ALWAYS_SEARCH_USER_PATHS = NO;
				CLANG_ANALYZER_NONNULL = YES;
				CLANG_ANALYZER_NUMBER_OBJECT_CONVERSION = YES_AGGRESSIVE;
				CLANG_CXX_LANGUAGE_STANDARD = "gnu++20";
				CLANG_ENABLE_MODULES = YES;
				CLANG_ENABLE_OBJC_ARC = YES;
				CLANG_ENABLE_OBJC_WEAK = YES;
				CLANG_WARN_BLOCK_CAPTURE_AUTORELEASING = YES;
				CLANG_WARN_BOOL_CONVERSION = YES;
				CLANG_WARN_COMMA = YES;
				CLANG_WARN_CONSTANT_CONVERSION = YES;
				CLANG_WARN_DEPRECATED_OBJC_IMPLEMENTATIONS = YES;
				CLANG_WARN_DIRECT_OBJC_ISA_USAGE = YES_ERROR;
				CLANG_WARN_DOCUMENTATION_COMMENTS = YES;
				CLANG_WARN_EMPTY_BODY = YES;
				CLANG_WARN_ENUM_CONVERSION = YES;
				CLANG_WARN_INFINITE_RECURSION = YES;
				CLANG_WARN_INT_CONVERSION = YES;
				CLANG_WARN_NON_LITERAL_NULL_CONVERSION = YES;
				CLANG_WARN_OBJC_IMPLICIT_RETAIN_SELF = YES;
				CLANG_WARN_OBJC_LITERAL_CONVERSION = YES;
				CLANG_WARN_OBJC_ROOT_CLASS = YES_ERROR;
				CLANG_WARN_QUOTED_INCLUDE_IN_FRAMEWORK_HEADER = YES;
				CLANG_WARN_RANGE_LOOP_ANALYSIS = YES;
				CLANG_WARN_STRICT_PROTOTYPES = YES;
				CLANG_WARN_SUSPICIOUS_MOVE = YES;
				CLANG_WARN_UNGUARDED_AVAILABILITY = YES_AGGRESSIVE;
				CLANG_WARN_UNREACHABLE_CODE = YES;
				CLANG_WARN__DUPLICATE_METHOD_MATCH = YES;
				COPY_PHASE_STRIP = NO;
				DEBUG_INFORMATION_FORMAT = "dwarf-with-dsym";
				ENABLE_NS_ASSERTIONS = NO;
				ENABLE_STRICT_OBJC_MSGSEND = YES;
				GCC_C_LANGUAGE_STANDARD = gnu11;
				GCC_NO_COMMON_BLOCKS = YES;
				GCC_WARN_64_TO_32_BIT_CONVERSION = YES;
				GCC_WARN_ABOUT_RETURN_TYPE = YES_ERROR;
				GCC_WARN_UNDECLARED_SELECTOR = YES;
				GCC_WARN_UNINITIALIZED_AUTOS = YES_AGGRESSIVE;
				GCC_WARN_UNUSED_FUNCTION = YES;
				GCC_WARN_UNUSED_VARIABLE = YES;
				IPHONEOS_DEPLOYMENT_TARGET = 16.4;
				MTL_ENABLE_DEBUG_INFO = NO;
				MTL_FAST_MATH = YES;
				SDKROOT = iphoneos;
				SWIFT_COMPILATION_MODE = wholemodule;
				SWIFT_OPTIMIZATION_LEVEL = "-O";
				VALIDATE_PRODUCT = YES;
			};
			name = Release;
		};
		A3CFEE3F2A9F1EE300B5AE59 /* Debug */ = {
			isa = XCBuildConfiguration;
			baseConfigurationReference = 0F36263505D49D37AF2CAF19 /* Pods-Weather.debug.xcconfig */;
			buildSettings = {
				ASSETCATALOG_COMPILER_APPICON_NAME = AppIcon;
				ASSETCATALOG_COMPILER_GLOBAL_ACCENT_COLOR_NAME = AccentColor;
				CODE_SIGN_STYLE = Automatic;
				CURRENT_PROJECT_VERSION = 1;
				DEVELOPMENT_TEAM = 28GG4DJXU6;
				GENERATE_INFOPLIST_FILE = YES;
				INFOPLIST_FILE = Weather/Info.plist;
				INFOPLIST_KEY_NSLocationAlwaysAndWhenInUseUsageDescription = "We need your location to check weather";
				INFOPLIST_KEY_NSLocationAlwaysUsageDescription = "We need your location to check weather";
				INFOPLIST_KEY_NSLocationWhenInUseUsageDescription = "We need your location to check weather";
				INFOPLIST_KEY_UIApplicationSupportsIndirectInputEvents = YES;
				INFOPLIST_KEY_UILaunchStoryboardName = LaunchScreen;
				INFOPLIST_KEY_UIMainStoryboardFile = Main;
				INFOPLIST_KEY_UISupportedInterfaceOrientations_iPad = "UIInterfaceOrientationPortrait UIInterfaceOrientationPortraitUpsideDown UIInterfaceOrientationLandscapeLeft UIInterfaceOrientationLandscapeRight";
				INFOPLIST_KEY_UISupportedInterfaceOrientations_iPhone = "UIInterfaceOrientationPortrait UIInterfaceOrientationLandscapeLeft UIInterfaceOrientationLandscapeRight";
				IPHONEOS_DEPLOYMENT_TARGET = 15.0;
				LD_RUNPATH_SEARCH_PATHS = (
					"$(inherited)",
					"@executable_path/Frameworks",
				);
				MARKETING_VERSION = 1.0;
				PRODUCT_BUNDLE_IDENTIFIER = com.sunny.Weather;
				PRODUCT_NAME = "$(TARGET_NAME)";
				SWIFT_EMIT_LOC_STRINGS = YES;
				SWIFT_VERSION = 5.0;
				TARGETED_DEVICE_FAMILY = "1,2";
			};
			name = Debug;
		};
		A3CFEE402A9F1EE300B5AE59 /* Release */ = {
			isa = XCBuildConfiguration;
			baseConfigurationReference = 70B2E297FE1FB97E55607752 /* Pods-Weather.release.xcconfig */;
			buildSettings = {
				ASSETCATALOG_COMPILER_APPICON_NAME = AppIcon;
				ASSETCATALOG_COMPILER_GLOBAL_ACCENT_COLOR_NAME = AccentColor;
				CODE_SIGN_STYLE = Automatic;
				CURRENT_PROJECT_VERSION = 1;
				DEVELOPMENT_TEAM = 28GG4DJXU6;
				GENERATE_INFOPLIST_FILE = YES;
				INFOPLIST_FILE = Weather/Info.plist;
				INFOPLIST_KEY_NSLocationAlwaysAndWhenInUseUsageDescription = "We need your location to check weather";
				INFOPLIST_KEY_NSLocationAlwaysUsageDescription = "We need your location to check weather";
				INFOPLIST_KEY_NSLocationWhenInUseUsageDescription = "We need your location to check weather";
				INFOPLIST_KEY_UIApplicationSupportsIndirectInputEvents = YES;
				INFOPLIST_KEY_UILaunchStoryboardName = LaunchScreen;
				INFOPLIST_KEY_UIMainStoryboardFile = Main;
				INFOPLIST_KEY_UISupportedInterfaceOrientations_iPad = "UIInterfaceOrientationPortrait UIInterfaceOrientationPortraitUpsideDown UIInterfaceOrientationLandscapeLeft UIInterfaceOrientationLandscapeRight";
				INFOPLIST_KEY_UISupportedInterfaceOrientations_iPhone = "UIInterfaceOrientationPortrait UIInterfaceOrientationLandscapeLeft UIInterfaceOrientationLandscapeRight";
				IPHONEOS_DEPLOYMENT_TARGET = 15.0;
				LD_RUNPATH_SEARCH_PATHS = (
					"$(inherited)",
					"@executable_path/Frameworks",
				);
				MARKETING_VERSION = 1.0;
				PRODUCT_BUNDLE_IDENTIFIER = com.sunny.Weather;
				PRODUCT_NAME = "$(TARGET_NAME)";
				SWIFT_EMIT_LOC_STRINGS = YES;
				SWIFT_VERSION = 5.0;
				TARGETED_DEVICE_FAMILY = "1,2";
			};
			name = Release;
		};
		A3CFEE422A9F1EE300B5AE59 /* Debug */ = {
			isa = XCBuildConfiguration;
			baseConfigurationReference = 11C096035E3DBAFE19AFD88F /* Pods-WeatherTests.debug.xcconfig */;
			buildSettings = {
				ALWAYS_EMBED_SWIFT_STANDARD_LIBRARIES = YES;
				BUNDLE_LOADER = "$(TEST_HOST)";
				CODE_SIGN_STYLE = Automatic;
				CURRENT_PROJECT_VERSION = 1;
				DEVELOPMENT_TEAM = ZCDQ2TP7QZ;
				GENERATE_INFOPLIST_FILE = YES;
				IPHONEOS_DEPLOYMENT_TARGET = 16.4;
				MARKETING_VERSION = 1.0;
				PRODUCT_BUNDLE_IDENTIFIER = com.sunny.WeatherTests;
				PRODUCT_NAME = "$(TARGET_NAME)";
				SWIFT_EMIT_LOC_STRINGS = NO;
				SWIFT_VERSION = 5.0;
				TARGETED_DEVICE_FAMILY = "1,2";
				TEST_HOST = "$(BUILT_PRODUCTS_DIR)/Weather.app/$(BUNDLE_EXECUTABLE_FOLDER_PATH)/Weather";
			};
			name = Debug;
		};
		A3CFEE432A9F1EE300B5AE59 /* Release */ = {
			isa = XCBuildConfiguration;
			baseConfigurationReference = 8F686428078985E62FA09984 /* Pods-WeatherTests.release.xcconfig */;
			buildSettings = {
				ALWAYS_EMBED_SWIFT_STANDARD_LIBRARIES = YES;
				BUNDLE_LOADER = "$(TEST_HOST)";
				CODE_SIGN_STYLE = Automatic;
				CURRENT_PROJECT_VERSION = 1;
				DEVELOPMENT_TEAM = ZCDQ2TP7QZ;
				GENERATE_INFOPLIST_FILE = YES;
				IPHONEOS_DEPLOYMENT_TARGET = 16.4;
				MARKETING_VERSION = 1.0;
				PRODUCT_BUNDLE_IDENTIFIER = com.sunny.WeatherTests;
				PRODUCT_NAME = "$(TARGET_NAME)";
				SWIFT_EMIT_LOC_STRINGS = NO;
				SWIFT_VERSION = 5.0;
				TARGETED_DEVICE_FAMILY = "1,2";
				TEST_HOST = "$(BUILT_PRODUCTS_DIR)/Weather.app/$(BUNDLE_EXECUTABLE_FOLDER_PATH)/Weather";
			};
			name = Release;
		};
		A3CFEE452A9F1EE300B5AE59 /* Debug */ = {
			isa = XCBuildConfiguration;
			baseConfigurationReference = AF3608E4A2C498436436A5EB /* Pods-Weather-WeatherUITests.debug.xcconfig */;
			buildSettings = {
				ALWAYS_EMBED_SWIFT_STANDARD_LIBRARIES = YES;
				CODE_SIGN_STYLE = Automatic;
				CURRENT_PROJECT_VERSION = 1;
				DEVELOPMENT_TEAM = ZCDQ2TP7QZ;
				GENERATE_INFOPLIST_FILE = YES;
				MARKETING_VERSION = 1.0;
				PRODUCT_BUNDLE_IDENTIFIER = com.sunny.WeatherUITests;
				PRODUCT_NAME = "$(TARGET_NAME)";
				SWIFT_EMIT_LOC_STRINGS = NO;
				SWIFT_VERSION = 5.0;
				TARGETED_DEVICE_FAMILY = "1,2";
				TEST_TARGET_NAME = Weather;
			};
			name = Debug;
		};
		A3CFEE462A9F1EE300B5AE59 /* Release */ = {
			isa = XCBuildConfiguration;
			baseConfigurationReference = 86A7AC85E6FFC2BC31F597FB /* Pods-Weather-WeatherUITests.release.xcconfig */;
			buildSettings = {
				ALWAYS_EMBED_SWIFT_STANDARD_LIBRARIES = YES;
				CODE_SIGN_STYLE = Automatic;
				CURRENT_PROJECT_VERSION = 1;
				DEVELOPMENT_TEAM = ZCDQ2TP7QZ;
				GENERATE_INFOPLIST_FILE = YES;
				MARKETING_VERSION = 1.0;
				PRODUCT_BUNDLE_IDENTIFIER = com.sunny.WeatherUITests;
				PRODUCT_NAME = "$(TARGET_NAME)";
				SWIFT_EMIT_LOC_STRINGS = NO;
				SWIFT_VERSION = 5.0;
				TARGETED_DEVICE_FAMILY = "1,2";
				TEST_TARGET_NAME = Weather;
			};
			name = Release;
		};
/* End XCBuildConfiguration section */

/* Begin XCConfigurationList section */
		A3CFEE0F2A9F1EE100B5AE59 /* Build configuration list for PBXProject "Weather" */ = {
			isa = XCConfigurationList;
			buildConfigurations = (
				A3CFEE3C2A9F1EE300B5AE59 /* Debug */,
				A3CFEE3D2A9F1EE300B5AE59 /* Release */,
			);
			defaultConfigurationIsVisible = 0;
			defaultConfigurationName = Release;
		};
		A3CFEE3E2A9F1EE300B5AE59 /* Build configuration list for PBXNativeTarget "Weather" */ = {
			isa = XCConfigurationList;
			buildConfigurations = (
				A3CFEE3F2A9F1EE300B5AE59 /* Debug */,
				A3CFEE402A9F1EE300B5AE59 /* Release */,
			);
			defaultConfigurationIsVisible = 0;
			defaultConfigurationName = Release;
		};
		A3CFEE412A9F1EE300B5AE59 /* Build configuration list for PBXNativeTarget "WeatherTests" */ = {
			isa = XCConfigurationList;
			buildConfigurations = (
				A3CFEE422A9F1EE300B5AE59 /* Debug */,
				A3CFEE432A9F1EE300B5AE59 /* Release */,
			);
			defaultConfigurationIsVisible = 0;
			defaultConfigurationName = Release;
		};
		A3CFEE442A9F1EE300B5AE59 /* Build configuration list for PBXNativeTarget "WeatherUITests" */ = {
			isa = XCConfigurationList;
			buildConfigurations = (
				A3CFEE452A9F1EE300B5AE59 /* Debug */,
				A3CFEE462A9F1EE300B5AE59 /* Release */,
			);
			defaultConfigurationIsVisible = 0;
			defaultConfigurationName = Release;
		};
/* End XCConfigurationList section */
	};
	rootObject = A3CFEE0C2A9F1EE100B5AE59 /* Project object */;
}
